<?xml version="1.0" encoding="utf-8"?>
<Project ToolsVersion="4.0" xmlns="http://schemas.microsoft.com/developer/msbuild/2003">
  <ItemGroup>
    <Filter Include="Source Files">
      <UniqueIdentifier>{4FC737F1-C7A5-4376-A066-2A32D752A2FF}</UniqueIdentifier>
      <Extensions>cpp;c;cc;cxx;def;odl;idl;hpj;bat;asm;asmx</Extensions>
    </Filter>
    <Filter Include="Header Files">
      <UniqueIdentifier>{93995380-89BD-4b04-88EB-625FBE52EBFB}</UniqueIdentifier>
      <Extensions>h;hh;hpp;hxx;hm;inl;inc;xsd</Extensions>
    </Filter>
    <Filter Include="Resource Files">
      <UniqueIdentifier>{67DA6AB6-F800-4c08-8B7A-83BB121AAD01}</UniqueIdentifier>
      <Extensions>rc;ico;cur;bmp;dlg;rc2;rct;bin;rgs;gif;jpg;jpeg;jpe;resx;tiff;tif;png;wav;mfcribbon-ms</Extensions>
    </Filter>
    <Filter Include="Header Files\model">
      <UniqueIdentifier>{e3423e17-7aab-4c38-a450-4c48054abc7e}</UniqueIdentifier>
    </Filter>
    <Filter Include="Source Files\model">
      <UniqueIdentifier>{3dc5b2d8-206b-42b1-8039-d5ba1e4f691e}</UniqueIdentifier>
    </Filter>
    <Filter Include="Resource Files\models">
      <UniqueIdentifier>{4f4e91af-94c2-4d3e-b098-f349c025681c}</UniqueIdentifier>
    </Filter>
    <Filter Include="Resource Files\models\shuttle">
      <UniqueIdentifier>{a8c3e5c5-aa99-4860-8221-428d6c03c967}</UniqueIdentifier>
    </Filter>
    <Filter Include="Resource Files\textures">
      <UniqueIdentifier>{92206687-fd33-4d26-b3f7-8cc8d1cec35f}</UniqueIdentifier>
    </Filter>
    <Filter Include="Resource Files\shader">
      <UniqueIdentifier>{dbc55cf1-a00a-42da-9694-a29c910b90c6}</UniqueIdentifier>
    </Filter>
  </ItemGroup>
  <ItemGroup>
    <ClInclude Include="resource.h">
      <Filter>Header Files</Filter>
    </ClInclude>
    <ClInclude Include="Visualization.h">
      <Filter>Header Files</Filter>
    </ClInclude>
    <ClInclude Include="Manager.h">
      <Filter>Header Files</Filter>
    </ClInclude>
    <ClInclude Include="GraphicEngine.h">
      <Filter>Header Files</Filter>
    </ClInclude>
    <ClInclude Include="AssimpModel.h">
      <Filter>Header Files\model</Filter>
    </ClInclude>
    <ClInclude Include="Model.h">
      <Filter>Header Files\model</Filter>
    </ClInclude>
    <ClInclude Include="Square.h">
      <Filter>Header Files\model</Filter>
    </ClInclude>
    <ClInclude Include="TextureSoil.h">
      <Filter>Header Files\model</Filter>
    </ClInclude>
    <ClInclude Include="Texture.h">
      <Filter>Header Files\model</Filter>
    </ClInclude>
  </ItemGroup>
  <ItemGroup>
    <ClCompile Include="AssemblyInfo.cpp">
      <Filter>Source Files</Filter>
    </ClCompile>
    <ClCompile Include="Manager.cpp">
      <Filter>Source Files</Filter>
    </ClCompile>
    <ClCompile Include="Visualization.cpp">
      <Filter>Source Files</Filter>
    </ClCompile>
    <ClCompile Include="GraphicEngine.cpp">
      <Filter>Source Files</Filter>
    </ClCompile>
    <ClCompile Include="Square.cpp">
      <Filter>Source Files\model</Filter>
    </ClCompile>
    <ClCompile Include="TextureSoil.cpp">
      <Filter>Source Files\model</Filter>
    </ClCompile>
    <ClCompile Include="AssimpModel.cpp">
      <Filter>Source Files\model</Filter>
    </ClCompile>
  </ItemGroup>
  <ItemGroup>
    <Text Include="ReadMe.txt" />
  </ItemGroup>
  <ItemGroup>
    <ResourceCompile Include="app.rc">
      <Filter>Resource Files</Filter>
    </ResourceCompile>
  </ItemGroup>
  <ItemGroup>
    <Image Include="app.ico">
      <Filter>Resource Files</Filter>
    </Image>
    <Image Include="data\models\shuttle\spstob_1.bmp">
      <Filter>Resource Files\models\shuttle</Filter>
    </Image>
    <Image Include="data\models\shuttle\spstob_2.bmp">
      <Filter>Resource Files\models\shuttle</Filter>
    </Image>
    <Image Include="data\models\shuttle\spstob_3.bmp">
      <Filter>Resource Files\models\shuttle</Filter>
    </Image>
    <Image Include="data\models\shuttle\spstob_4.bmp">
      <Filter>Resource Files\models\shuttle</Filter>
    </Image>
    <Image Include="data\models\shuttle\spstob_e.bmp">
      <Filter>Resource Files\models\shuttle</Filter>
    </Image>
    <Image Include="data\textures\red.jpg">
      <Filter>Resource Files\textures</Filter>
    </Image>
    <Image Include="data\textures\sample.png">
      <Filter>Resource Files\textures</Filter>
    </Image>
    <Image Include="data\textures\test.png">
      <Filter>Resource Files\textures</Filter>
    </Image>
  </ItemGroup>
  <ItemGroup>
    <None Include="data\shader\SimpleFragmentShader.fragmentshader">
      <Filter>Resource Files\shader</Filter>
    </None>
    <None Include="data\shader\SimpleVertexShader.vertexshader">
      <Filter>Resource Files\shader</Filter>
    </None>
    <None Include="data\models\shuttle\SpaceShuttleOrbiter.3ds">
      <Filter>Resource Files\models\shuttle</Filter>
    </None>
    <None Include="Assimp32.dll">
      <Filter>Resource Files</Filter>
    </None>
    <None Include="data\models\cube.obj">
      <Filter>Resource Files\models</Filter>
    </None>
  </ItemGroup>
</Project>